{
    "name": "xrpl-blocks-drill",
    "lockfileVersion": 3,
    "requires": true,
    "packages": {
        "": {
            "name": "xrpl-blocks-drill",
            "dependencies": {
                "@bloxer/xrpl-ledgers": "../../packages/xrpl/packages/ledgers"
            }
        },
        "../../packages/xrpl/packages/ledgers": {
            "name": "@bloxer/xrpl-ledgers",
            "version": "0.0.1-alpha.0",
            "license": "ISC",
            "dependencies": {
                "@bloxer/vanilla": "^0.0.1-alpha.6",
                "@bloxer/xrpl": "^0.0.1-alpha.6"
            }
        },
        "node_modules/@bloxer/xrpl-ledgers": {
            "resolved": "../../packages/xrpl/packages/ledgers",
            "link": true
        }
    }
}
