{
    "name": "xrpl-account-drill",
    "lockfileVersion": 3,
    "requires": true,
    "packages": {
        "": {
            "name": "xrpl-account-drill",
            "dependencies": {
                "@bloxer/xrpl-account": "./../packages/xrpl/packages/account"
            }
        },
        "../packages/xrpl/packages/account": {},
        "node_modules/@bloxer/xrpl-account": {
            "resolved": "../packages/xrpl/packages/account",
            "link": true
        }
    }
}
